
Microsoft Visual Studio Solution File, Format Version 12.00
# Visual Studio Version 16
VisualStudioVersion = 16.0.30114.105
MinimumVisualStudioVersion = 10.0.40219.1
Project("{FAE04EC0-301F-11D3-BF4B-00C04F79EFBC}") = "ParallelConsole", "ParallelConsole\ParallelConsole.csproj", "{C0A40BF7-F976-44D6-9009-822C6291787B}"
EndProject
Project("{FAE04EC0-301F-11D3-BF4B-00C04F79EFBC}") = "Utilities", "Utilities\Utilities.csproj", "{1221C6E8-CA86-4C43-8FFB-D7206A027469}"
EndProject
Project("{FAE04EC0-301F-11D3-BF4B-00C04F79EFBC}") = "ThreadedConsole", "ThreadedConsole\ThreadedConsole.csproj", "{190CE955-DF03-4675-9506-DAE588783B44}"
EndProject
Global
	GlobalSection(SolutionConfigurationPlatforms) = preSolution
		Debug|Any CPU = Debug|Any CPU
		Release|Any CPU = Release|Any CPU
	EndGlobalSection
	GlobalSection(SolutionProperties) = preSolution
		HideSolutionNode = FALSE
	EndGlobalSection
	GlobalSection(ProjectConfigurationPlatforms) = postSolution
		{C0A40BF7-F976-44D6-9009-822C6291787B}.Debug|Any CPU.ActiveCfg = Debug|Any CPU
		{C0A40BF7-F976-44D6-9009-822C6291787B}.Debug|Any CPU.Build.0 = Debug|Any CPU
		{C0A40BF7-F976-44D6-9009-822C6291787B}.Release|Any CPU.ActiveCfg = Release|Any CPU
		{C0A40BF7-F976-44D6-9009-822C6291787B}.Release|Any CPU.Build.0 = Release|Any CPU
		{1221C6E8-CA86-4C43-8FFB-D7206A027469}.Debug|Any CPU.ActiveCfg = Debug|Any CPU
		{1221C6E8-CA86-4C43-8FFB-D7206A027469}.Debug|Any CPU.Build.0 = Debug|Any CPU
		{1221C6E8-CA86-4C43-8FFB-D7206A027469}.Release|Any CPU.ActiveCfg = Release|Any CPU
		{1221C6E8-CA86-4C43-8FFB-D7206A027469}.Release|Any CPU.Build.0 = Release|Any CPU
		{190CE955-DF03-4675-9506-DAE588783B44}.Debug|Any CPU.ActiveCfg = Debug|Any CPU
		{190CE955-DF03-4675-9506-DAE588783B44}.Debug|Any CPU.Build.0 = Debug|Any CPU
		{190CE955-DF03-4675-9506-DAE588783B44}.Release|Any CPU.ActiveCfg = Release|Any CPU
		{190CE955-DF03-4675-9506-DAE588783B44}.Release|Any CPU.Build.0 = Release|Any CPU
	EndGlobalSection
EndGlobal
